NeoBundleLock JavaScript-syntax e24f4aa35f7d8c18cef41bc4cc76f52db5327f80
NeoBundleLock emmet-vim af10f14ae5bf31e3cd3b4444e9c336b71821777b
NeoBundleLock jQuery 895d237528151c373d71c99f4812eb45b094e7c8
NeoBundleLock molokai db8ce13b3737d3ddea8368498183d7c204a762eb
NeoBundleLock neobundle.vim d3d9ddc70664c2e118e3b75bff30d5f92269cc95
NeoBundleLock neocomplcache.vim d83bcbd0b142eb8de9d669ead26914cd7322a51c
NeoBundleLock neomru.vim 7df9999b841228661ff73909c5b9e34952331e22
NeoBundleLock neosnippet 044c9cb8ca46a5e27eec37198990c26fe707b02a
NeoBundleLock neosnippet-snippets 753906042c079d64d038565e6e518e1318ea6ec6
NeoBundleLock nerdcommenter 6549cfde45339bd4f711504196ff3e8b766ef5e6
NeoBundleLock nerdtree 3b98a7fcae8f9fff356907171f0406ff8cd28921
NeoBundleLock nginx.vim 152bbb2dc00c2df37049ccf75f68f294208c72cb
NeoBundleLock operator-replace 62e26864c4d4f0829407abceacb9d32948113982
NeoBundleLock operator-user 3f071f9370dfd5320c21d91494d4cc7902ab33e4
NeoBundleLock syntastic fe3a48f33e9fc2b4939c7a7833628247c9bf900c
NeoBundleLock textobj-entire 419b65b99dc8622952ec0234c4370427e0313493
NeoBundleLock textobj-jabraces a16d75d918a1a8be8d85b9b4ab1481c5f5e929cb
NeoBundleLock textobj-rubyblock 93da37a116c6d8fedc387f86b02abed1ccba34ea
NeoBundleLock unite-rails e173c8ec28c18744a0b778ef78b600ce8759914f
NeoBundleLock unite.vim f951dd397e49a5eefd8a2cf686d543d51ba5d561
NeoBundleLock vim-airline 1b8e4b965adc97af623bf71c046c7d7408aba725
NeoBundleLock vim-coffee-script 827e4a38b07479433b619091469a7495a392df8a
NeoBundleLock vim-colors-wombat fb44c8db8563946de191b1856e3cfffe0cdb622d
NeoBundleLock vim-fugitive 0095769029709b531d2505ee6ad9907dd9bd72a0
NeoBundleLock vim-gitgutter a86a32c530966966693773bc1474e34ca9d4ae29
NeoBundleLock vim-indent-guides eec1b629dc4cfa3986d20f21d4b4489732cd3f5a
NeoBundleLock vim-markdown 409c37b205afa2f9d590e23de8171482d66770e2
NeoBundleLock vim-merginal 46728bfa55f08a60fa168bc104f77a38f216668e
NeoBundleLock vim-rails 6d21bd0d90ab4b27581cbe834397f503ea115565
NeoBundleLock vim-ruby c298d2f352559f0c690d5e75f7ed6ce0c61ff474
NeoBundleLock vim-textobj-function adb50f38499b1f558cbd58845e3e91117e4538cf
NeoBundleLock vim-textobj-indent deb76867c302f933c8f21753806cbf2d8461b548
NeoBundleLock vim-textobj-lastpat 686aa837e3aa649b16572d5d55eb2d8c7fc6c78a
NeoBundleLock vim-textobj-plugins 6d18cd0ce262786adfcaf3b6b2c6e457b614f776
NeoBundleLock vim-textobj-syntax a0167c2680f8a35d9ca1f47ddf31070492893175
NeoBundleLock vim-textobj-user 9aa5fd050ecce650fb7ff018397e73a66a41c76b
